
Microsoft Visual Studio Solution File, Format Version 12.00
# Visual Studio Version 16
VisualStudioVersion = 16.0.29326.143
MinimumVisualStudioVersion = 10.0.40219.1
Project("{FAE04EC0-301F-11D3-BF4B-00C04F79EFBC}") = "BinaryWriterReader", "BinaryWriterReader.csproj", "{A2673F74-0033-40E5-A62C-33FCC8B22102}"
EndProject
Global
	GlobalSection(SolutionConfigurationPlatforms) = preSolution
		Debug|Any CPU = Debug|Any CPU
		Release|Any CPU = Release|Any CPU
	EndGlobalSection
	GlobalSection(ProjectConfigurationPlatforms) = postSolution
		{A2673F74-0033-40E5-A62C-33FCC8B22102}.Debug|Any CPU.ActiveCfg = Debug|Any CPU
		{A2673F74-0033-40E5-A62C-33FCC8B22102}.Debug|Any CPU.Build.0 = Debug|Any CPU
		{A2673F74-0033-40E5-A62C-33FCC8B22102}.Release|Any CPU.ActiveCfg = Release|Any CPU
		{A2673F74-0033-40E5-A62C-33FCC8B22102}.Release|Any CPU.Build.0 = Release|Any CPU
	EndGlobalSection
	GlobalSection(SolutionProperties) = preSolution
		HideSolutionNode = FALSE
	EndGlobalSection
	GlobalSection(ExtensibilityGlobals) = postSolution
		SolutionGuid = {36D953A3-D80C-4847-8AE0-03AFBF3B7045}
	EndGlobalSection
EndGlobal
